
Microsoft Visual Studio Solution File, Format Version 12.00
# Visual Studio Version 17
VisualStudioVersion = 17.7.34024.191
MinimumVisualStudioVersion = 10.0.40219.1
Project("{FAE04EC0-301F-11D3-BF4B-00C04F79EFBC}") = "Lengyel_Milán_BejegyzésProjekt", "Lengyel_Milán_BejegyzésProjekt\Lengyel_Milán_BejegyzésProjekt.csproj", "{2D5B1246-E362-42FC-9A56-A9DFD287EF92}"
EndProject
Global
	GlobalSection(SolutionConfigurationPlatforms) = preSolution
		Debug|Any CPU = Debug|Any CPU
		Release|Any CPU = Release|Any CPU
	EndGlobalSection
	GlobalSection(ProjectConfigurationPlatforms) = postSolution
		{2D5B1246-E362-42FC-9A56-A9DFD287EF92}.Debug|Any CPU.ActiveCfg = Debug|Any CPU
		{2D5B1246-E362-42FC-9A56-A9DFD287EF92}.Debug|Any CPU.Build.0 = Debug|Any CPU
		{2D5B1246-E362-42FC-9A56-A9DFD287EF92}.Release|Any CPU.ActiveCfg = Release|Any CPU
		{2D5B1246-E362-42FC-9A56-A9DFD287EF92}.Release|Any CPU.Build.0 = Release|Any CPU
	EndGlobalSection
	GlobalSection(SolutionProperties) = preSolution
		HideSolutionNode = FALSE
	EndGlobalSection
	GlobalSection(ExtensibilityGlobals) = postSolution
		SolutionGuid = {B48BD7CE-1CBE-4777-8795-C2BC32FBA0A0}
	EndGlobalSection
EndGlobal
